
Microsoft Visual Studio Solution File, Format Version 12.00
# Visual Studio Version 16
VisualStudioVersion = 16.0.34407.143
MinimumVisualStudioVersion = 10.0.40219.1
Project("{FAE04EC0-301F-11D3-BF4B-00C04F79EFBC}") = "Task4_EditWithInspector_PGD", "Task4_EditWithInspector_PGD\Task4_EditWithInspector_PGD.csproj", "{65CCDC19-572E-4C78-9AF5-A0BA8BCF2EC6}"
EndProject
Global
	GlobalSection(SolutionConfigurationPlatforms) = preSolution
		Debug|x64 = Debug|x64
		Release|x64 = Release|x64
	EndGlobalSection
	GlobalSection(ProjectConfigurationPlatforms) = postSolution
		{65CCDC19-572E-4C78-9AF5-A0BA8BCF2EC6}.Debug|x64.ActiveCfg = Debug|x64
		{65CCDC19-572E-4C78-9AF5-A0BA8BCF2EC6}.Debug|x64.Build.0 = Debug|x64
		{65CCDC19-572E-4C78-9AF5-A0BA8BCF2EC6}.Release|x64.ActiveCfg = Release|x64
		{65CCDC19-572E-4C78-9AF5-A0BA8BCF2EC6}.Release|x64.Build.0 = Release|x64
	EndGlobalSection
	GlobalSection(SolutionProperties) = preSolution
		HideSolutionNode = FALSE
	EndGlobalSection
	GlobalSection(ExtensibilityGlobals) = postSolution
		SolutionGuid = {67763EE7-4B0B-4D67-B4A5-37FFD862D807}
	EndGlobalSection
EndGlobal
