
Microsoft Visual Studio Solution File, Format Version 12.00
# Visual Studio Version 16
VisualStudioVersion = 16.0.34407.143
MinimumVisualStudioVersion = 10.0.40219.1
Project("{FAE04EC0-301F-11D3-BF4B-00C04F79EFBC}") = "Task7_LayerSymbology_PGD", "Task7_LayerSymbology_PGD\Task7_LayerSymbology_PGD.csproj", "{3AA33190-76E7-4DFD-A5E4-920CD5CF5959}"
EndProject
Global
	GlobalSection(SolutionConfigurationPlatforms) = preSolution
		Debug|x64 = Debug|x64
		Release|x64 = Release|x64
	EndGlobalSection
	GlobalSection(ProjectConfigurationPlatforms) = postSolution
		{3AA33190-76E7-4DFD-A5E4-920CD5CF5959}.Debug|x64.ActiveCfg = Debug|x64
		{3AA33190-76E7-4DFD-A5E4-920CD5CF5959}.Debug|x64.Build.0 = Debug|x64
		{3AA33190-76E7-4DFD-A5E4-920CD5CF5959}.Release|x64.ActiveCfg = Release|x64
		{3AA33190-76E7-4DFD-A5E4-920CD5CF5959}.Release|x64.Build.0 = Release|x64
	EndGlobalSection
	GlobalSection(SolutionProperties) = preSolution
		HideSolutionNode = FALSE
	EndGlobalSection
	GlobalSection(ExtensibilityGlobals) = postSolution
		SolutionGuid = {6954FBEF-A52F-4068-B835-87BBD7B0649D}
	EndGlobalSection
EndGlobal
